{
  "name": "fll-virtual-robot-tests",
  "version": "0.0.0",
  "lockfileVersion": 3,
  "requires": true,
  "packages": {
    "": {
      "name": "fll-virtual-robot-tests",
      "version": "0.0.0",
      "devDependencies": {
        "@micropython/micropython-webassembly-pyscript": "1.28.0-6"
      }
    },
    "node_modules/@micropython/micropython-webassembly-pyscript": {
      "version": "1.28.0-6",
      "resolved": "https://registry.npmjs.org/@micropython/micropython-webassembly-pyscript/-/micropython-webassembly-pyscript-1.28.0-6.tgz",
      "integrity": "sha512-eRJw+jOhFPoEClHRI8RmzIBjORpOhVdDFcdrNYHUc0U+EwchuD5cYIfmgvj3RWim7vBnjBK8mYxMBBVduOo8Lw==",
      "dev": true,
      "license": "MIT"
    }
  }
}
